<?xml version="1.0" encoding="utf-8"?>
<Project ToolsVersion="4.0" xmlns="http://schemas.microsoft.com/developer/msbuild/2003">
  <ItemGroup>
    <ClInclude Include="ChannelFilter.h" />
    <ClInclude Include="ClassifierController.h" />
    <ClInclude Include="DataLoader.h" />
    <ClInclude Include="KernelFilter.h" />
    <ClInclude Include="NXCOR.h" />
    <ClInclude Include="NXCORController.h" />
    <ClInclude Include="ProjectDefinitions.h" />
    <ClInclude Include="ProjectInfo.h" />
    <ClInclude Include="TemplateController.h" />
    <ClInclude Include="TemplateHandler.h" />
    <ClInclude Include="TTClassifier.h" />
    <ClInclude Include="SpikeDetect.h" />
    <ClInclude Include="SpikeDetectCUDA.h" />
    <ClInclude Include="SpikeDetectCUDA_RTP.h" />
  </ItemGroup>
  <ItemGroup>
    <ClCompile Include="main.cpp" />
    <ClCompile Include="ProjectInfo.cpp" />
  </ItemGroup>
  <ItemGroup>
    <CudaCompile Include="Channel_CUDA.cu" />
    <CudaCompile Include="Classifier_CUDA.cu" />
    <CudaCompile Include="NXCOR_CUDA.cu" />
    <CudaCompile Include="Kernel_CUDA.cu" />
    <CudaCompile Include="MemoryHelper_CUDA.cu" />
  </ItemGroup>
</Project>